
Microsoft Visual Studio Solution File, Format Version 12.00
# Visual Studio Version 17
VisualStudioVersion = 17.8.34212.112
MinimumVisualStudioVersion = 10.0.40219.1
Project("{FAE04EC0-301F-11D3-BF4B-00C04F79EFBC}") = "LayoutDemo", "LayoutDemo\LayoutDemo\LayoutDemo.csproj", "{75946FCF-4214-4482-A156-775B153062AF}"
EndProject
Project("{FAE04EC0-301F-11D3-BF4B-00C04F79EFBC}") = "LayoutDemo.Client", "LayoutDemo\LayoutDemo.Client\LayoutDemo.Client.csproj", "{105777FA-ACEE-4709-8E8F-477B75592148}"
EndProject
Global
	GlobalSection(SolutionConfigurationPlatforms) = preSolution
		Debug|Any CPU = Debug|Any CPU
		Release|Any CPU = Release|Any CPU
	EndGlobalSection
	GlobalSection(ProjectConfigurationPlatforms) = postSolution
		{75946FCF-4214-4482-A156-775B153062AF}.Debug|Any CPU.ActiveCfg = Debug|Any CPU
		{75946FCF-4214-4482-A156-775B153062AF}.Debug|Any CPU.Build.0 = Debug|Any CPU
		{75946FCF-4214-4482-A156-775B153062AF}.Release|Any CPU.ActiveCfg = Release|Any CPU
		{75946FCF-4214-4482-A156-775B153062AF}.Release|Any CPU.Build.0 = Release|Any CPU
		{105777FA-ACEE-4709-8E8F-477B75592148}.Debug|Any CPU.ActiveCfg = Debug|Any CPU
		{105777FA-ACEE-4709-8E8F-477B75592148}.Debug|Any CPU.Build.0 = Debug|Any CPU
		{105777FA-ACEE-4709-8E8F-477B75592148}.Release|Any CPU.ActiveCfg = Release|Any CPU
		{105777FA-ACEE-4709-8E8F-477B75592148}.Release|Any CPU.Build.0 = Release|Any CPU
	EndGlobalSection
	GlobalSection(SolutionProperties) = preSolution
		HideSolutionNode = FALSE
	EndGlobalSection
	GlobalSection(ExtensibilityGlobals) = postSolution
		SolutionGuid = {6381CE8A-CB59-49E4-A704-4CAEACA87808}
	EndGlobalSection
EndGlobal
